// !$*UTF8*$!
{
	archiveVersion = 1;
	classes = {
	};
	objectVersion = 50;
	objects = {

/* Begin PBXBuildFile section */
		647EE0F521BF7E67007A80A9 /* no2.jpeg in Resources */ = {isa = PBXBuildFile; fileRef = 647EE0F421BF7E67007A80A9 /* no2.jpeg */; };
		647EE0F721BF7E6D007A80A9 /* co2.jpg in Resources */ = {isa = PBXBuildFile; fileRef = 647EE0F621BF7E6D007A80A9 /* co2.jpg */; };
		647EE0F921BF7E73007A80A9 /* pm10.png in Resources */ = {isa = PBXBuildFile; fileRef = 647EE0F821BF7E72007A80A9 /* pm10.png */; };
		648A9CC521B63B89007D9532 /* AppDelegate.swift in Sources */ = {isa = PBXBuildFile; fileRef = 648A9CC421B63B89007D9532 /* AppDelegate.swift */; };
		648A9CC721B63B89007D9532 /* ViewController.swift in Sources */ = {isa = PBXBuildFile; fileRef = 648A9CC621B63B89007D9532 /* ViewController.swift */; };
		648A9CCA21B63B89007D9532 /* Main.storyboard in Resources */ = {isa = PBXBuildFile; fileRef = 648A9CC821B63B89007D9532 /* Main.storyboard */; };
		648A9CCC21B63B8D007D9532 /* Assets.xcassets in Resources */ = {isa = PBXBuildFile; fileRef = 648A9CCB21B63B8D007D9532 /* Assets.xcassets */; };
		648A9CCF21B63B8D007D9532 /* LaunchScreen.storyboard in Resources */ = {isa = PBXBuildFile; fileRef = 648A9CCD21B63B8D007D9532 /* LaunchScreen.storyboard */; };
		648A9CD821B63B97007D9532 /* MapKit.framework in Frameworks */ = {isa = PBXBuildFile; fileRef = 648A9CD721B63B97007D9532 /* MapKit.framework */; };
		648A9CDA21B63BE4007D9532 /* BusanData.swift in Sources */ = {isa = PBXBuildFile; fileRef = 648A9CD921B63BE4007D9532 /* BusanData.swift */; };
/* End PBXBuildFile section */

/* Begin PBXFileReference section */
		647EE0F421BF7E67007A80A9 /* no2.jpeg */ = {isa = PBXFileReference; lastKnownFileType = image.jpeg; path = no2.jpeg; sourceTree = "<group>"; };
		647EE0F621BF7E6D007A80A9 /* co2.jpg */ = {isa = PBXFileReference; lastKnownFileType = image.jpeg; path = co2.jpg; sourceTree = "<group>"; };
		647EE0F821BF7E72007A80A9 /* pm10.png */ = {isa = PBXFileReference; lastKnownFileType = image.png; path = pm10.png; sourceTree = "<group>"; };
		648A9CC121B63B89007D9532 /* InAir_Dust.app */ = {isa = PBXFileReference; explicitFileType = wrapper.application; includeInIndex = 0; path = InAir_Dust.app; sourceTree = BUILT_PRODUCTS_DIR; };
		648A9CC421B63B89007D9532 /* AppDelegate.swift */ = {isa = PBXFileReference; lastKnownFileType = sourcecode.swift; path = AppDelegate.swift; sourceTree = "<group>"; };
		648A9CC621B63B89007D9532 /* ViewController.swift */ = {isa = PBXFileReference; lastKnownFileType = sourcecode.swift; path = ViewController.swift; sourceTree = "<group>"; };
		648A9CC921B63B89007D9532 /* Base */ = {isa = PBXFileReference; lastKnownFileType = file.storyboard; name = Base; path = Base.lproj/Main.storyboard; sourceTree = "<group>"; };
		648A9CCB21B63B8D007D9532 /* Assets.xcassets */ = {isa = PBXFileReference; lastKnownFileType = folder.assetcatalog; path = Assets.xcassets; sourceTree = "<group>"; };
		648A9CCE21B63B8D007D9532 /* Base */ = {isa = PBXFileReference; lastKnownFileType = file.storyboard; name = Base; path = Base.lproj/LaunchScreen.storyboard; sourceTree = "<group>"; };
		648A9CD021B63B8D007D9532 /* Info.plist */ = {isa = PBXFileReference; lastKnownFileType = text.plist.xml; path = Info.plist; sourceTree = "<group>"; };
		648A9CD721B63B97007D9532 /* MapKit.framework */ = {isa = PBXFileReference; lastKnownFileType = wrapper.framework; name = MapKit.framework; path = System/Library/Frameworks/MapKit.framework; sourceTree = SDKROOT; };
		648A9CD921B63BE4007D9532 /* BusanData.swift */ = {isa = PBXFileReference; lastKnownFileType = sourcecode.swift; path = BusanData.swift; sourceTree = "<group>"; };
/* End PBXFileReference section */

/* Begin PBXFrameworksBuildPhase section */
		648A9CBE21B63B89007D9532 /* Frameworks */ = {
			isa = PBXFrameworksBuildPhase;
			buildActionMask = 2147483647;
			files = (
				648A9CD821B63B97007D9532 /* MapKit.framework in Frameworks */,
			);
			runOnlyForDeploymentPostprocessing = 0;
		};
/* End PBXFrameworksBuildPhase section */

/* Begin PBXGroup section */
		648A9CB821B63B89007D9532 = {
			isa = PBXGroup;
			children = (
				648A9CC321B63B89007D9532 /* InAir_Dust */,
				648A9CC221B63B89007D9532 /* Products */,
				648A9CD621B63B97007D9532 /* Frameworks */,
			);
			sourceTree = "<group>";
		};
		648A9CC221B63B89007D9532 /* Products */ = {
			isa = PBXGroup;
			children = (
				648A9CC121B63B89007D9532 /* InAir_Dust.app */,
			);
			name = Products;
			sourceTree = "<group>";
		};
		648A9CC321B63B89007D9532 /* InAir_Dust */ = {
			isa = PBXGroup;
			children = (
				647EE0F821BF7E72007A80A9 /* pm10.png */,
				647EE0F621BF7E6D007A80A9 /* co2.jpg */,
				647EE0F421BF7E67007A80A9 /* no2.jpeg */,
				648A9CC421B63B89007D9532 /* AppDelegate.swift */,
				648A9CC621B63B89007D9532 /* ViewController.swift */,
				648A9CC821B63B89007D9532 /* Main.storyboard */,
				648A9CCB21B63B8D007D9532 /* Assets.xcassets */,
				648A9CCD21B63B8D007D9532 /* LaunchScreen.storyboard */,
				648A9CD021B63B8D007D9532 /* Info.plist */,
				648A9CD921B63BE4007D9532 /* BusanData.swift */,
			);
			path = InAir_Dust;
			sourceTree = "<group>";
		};
		648A9CD621B63B97007D9532 /* Frameworks */ = {
			isa = PBXGroup;
			children = (
				648A9CD721B63B97007D9532 /* MapKit.framework */,
			);
			name = Frameworks;
			sourceTree = "<group>";
		};
/* End PBXGroup section */

/* Begin PBXNativeTarget section */
		648A9CC021B63B89007D9532 /* InAir_Dust */ = {
			isa = PBXNativeTarget;
			buildConfigurationList = 648A9CD321B63B8D007D9532 /* Build configuration list for PBXNativeTarget "InAir_Dust" */;
			buildPhases = (
				648A9CBD21B63B89007D9532 /* Sources */,
				648A9CBE21B63B89007D9532 /* Frameworks */,
				648A9CBF21B63B89007D9532 /* Resources */,
			);
			buildRules = (
			);
			dependencies = (
			);
			name = InAir_Dust;
			productName = InAir_Dust;
			productReference = 648A9CC121B63B89007D9532 /* InAir_Dust.app */;
			productType = "com.apple.product-type.application";
		};
/* End PBXNativeTarget section */

/* Begin PBXProject section */
		648A9CB921B63B89007D9532 /* Project object */ = {
			isa = PBXProject;
			attributes = {
				LastSwiftUpdateCheck = 1010;
				LastUpgradeCheck = 1010;
				ORGANIZATIONNAME = D7703_04;
				TargetAttributes = {
					648A9CC021B63B89007D9532 = {
						CreatedOnToolsVersion = 10.1;
					};
				};
			};
			buildConfigurationList = 648A9CBC21B63B89007D9532 /* Build configuration list for PBXProject "InAir_Dust" */;
			compatibilityVersion = "Xcode 9.3";
			developmentRegion = en;
			hasScannedForEncodings = 0;
			knownRegions = (
				en,
				Base,
			);
			mainGroup = 648A9CB821B63B89007D9532;
			productRefGroup = 648A9CC221B63B89007D9532 /* Products */;
			projectDirPath = "";
			projectRoot = "";
			targets = (
				648A9CC021B63B89007D9532 /* InAir_Dust */,
			);
		};
/* End PBXProject section */

/* Begin PBXResourcesBuildPhase section */
		648A9CBF21B63B89007D9532 /* Resources */ = {
			isa = PBXResourcesBuildPhase;
			buildActionMask = 2147483647;
			files = (
				647EE0F721BF7E6D007A80A9 /* co2.jpg in Resources */,
				647EE0F521BF7E67007A80A9 /* no2.jpeg in Resources */,
				648A9CCF21B63B8D007D9532 /* LaunchScreen.storyboard in Resources */,
				647EE0F921BF7E73007A80A9 /* pm10.png in Resources */,
				648A9CCC21B63B8D007D9532 /* Assets.xcassets in Resources */,
				648A9CCA21B63B89007D9532 /* Main.storyboard in Resources */,
			);
			runOnlyForDeploymentPostprocessing = 0;
		};
/* End PBXResourcesBuildPhase section */

/* Begin PBXSourcesBuildPhase section */
		648A9CBD21B63B89007D9532 /* Sources */ = {
			isa = PBXSourcesBuildPhase;
			buildActionMask = 2147483647;
			files = (
				648A9CC721B63B89007D9532 /* ViewController.swift in Sources */,
				648A9CDA21B63BE4007D9532 /* BusanData.swift in Sources */,
				648A9CC521B63B89007D9532 /* AppDelegate.swift in Sources */,
			);
			runOnlyForDeploymentPostprocessing = 0;
		};
/* End PBXSourcesBuildPhase section */

/* Begin PBXVariantGroup section */
		648A9CC821B63B89007D9532 /* Main.storyboard */ = {
			isa = PBXVariantGroup;
			children = (
				648A9CC921B63B89007D9532 /* Base */,
			);
			name = Main.storyboard;
			sourceTree = "<group>";
		};
		648A9CCD21B63B8D007D9532 /* LaunchScreen.storyboard */ = {
			isa = PBXVariantGroup;
			children = (
				648A9CCE21B63B8D007D9532 /* Base */,
			);
			name = LaunchScreen.storyboard;
			sourceTree = "<group>";
		};
/* End PBXVariantGroup section */

/* Begin XCBuildConfiguration section */
		648A9CD121B63B8D007D9532 /* Debug */ = {
			isa = XCBuildConfiguration;
			buildSettings = {
				ALWAYS_SEARCH_USER_PATHS = NO;
				CLANG_ANALYZER_NONNULL = YES;
				CLANG_ANALYZER_NUMBER_OBJECT_CONVERSION = YES_AGGRESSIVE;
				CLANG_CXX_LANGUAGE_STANDARD = "gnu++14";
				CLANG_CXX_LIBRARY = "libc++";
				CLANG_ENABLE_MODULES = YES;
				CLANG_ENABLE_OBJC_ARC = YES;
				CLANG_ENABLE_OBJC_WEAK = YES;
				CLANG_WARN_BLOCK_CAPTURE_AUTORELEASING = YES;
				CLANG_WARN_BOOL_CONVERSION = YES;
				CLANG_WARN_COMMA = YES;
				CLANG_WARN_CONSTANT_CONVERSION = YES;
				CLANG_WARN_DEPRECATED_OBJC_IMPLEMENTATIONS = YES;
				CLANG_WARN_DIRECT_OBJC_ISA_USAGE = YES_ERROR;
				CLANG_WARN_DOCUMENTATION_COMMENTS = YES;
				CLANG_WARN_EMPTY_BODY = YES;
				CLANG_WARN_ENUM_CONVERSION = YES;
				CLANG_WARN_INFINITE_RECURSION = YES;
				CLANG_WARN_INT_CONVERSION = YES;
				CLANG_WARN_NON_LITERAL_NULL_CONVERSION = YES;
				CLANG_WARN_OBJC_IMPLICIT_RETAIN_SELF = YES;
				CLANG_WARN_OBJC_LITERAL_CONVERSION = YES;
				CLANG_WARN_OBJC_ROOT_CLASS = YES_ERROR;
				CLANG_WARN_RANGE_LOOP_ANALYSIS = YES;
				CLANG_WARN_STRICT_PROTOTYPES = YES;
				CLANG_WARN_SUSPICIOUS_MOVE = YES;
				CLANG_WARN_UNGUARDED_AVAILABILITY = YES_AGGRESSIVE;
				CLANG_WARN_UNREACHABLE_CODE = YES;
				CLANG_WARN__DUPLICATE_METHOD_MATCH = YES;
				CODE_SIGN_IDENTITY = "iPhone Developer";
				COPY_PHASE_STRIP = NO;
				DEBUG_INFORMATION_FORMAT = dwarf;
				ENABLE_STRICT_OBJC_MSGSEND = YES;
				ENABLE_TESTABILITY = YES;
				GCC_C_LANGUAGE_STANDARD = gnu11;
				GCC_DYNAMIC_NO_PIC = NO;
				GCC_NO_COMMON_BLOCKS = YES;
				GCC_OPTIMIZATION_LEVEL = 0;
				GCC_PREPROCESSOR_DEFINITIONS = (
					"DEBUG=1",
					"$(inherited)",
				);
				GCC_WARN_64_TO_32_BIT_CONVERSION = YES;
				GCC_WARN_ABOUT_RETURN_TYPE = YES_ERROR;
				GCC_WARN_UNDECLARED_SELECTOR = YES;
				GCC_WARN_UNINITIALIZED_AUTOS = YES_AGGRESSIVE;
				GCC_WARN_UNUSED_FUNCTION = YES;
				GCC_WARN_UNUSED_VARIABLE = YES;
				IPHONEOS_DEPLOYMENT_TARGET = 12.1;
				MTL_ENABLE_DEBUG_INFO = INCLUDE_SOURCE;
				MTL_FAST_MATH = YES;
				ONLY_ACTIVE_ARCH = YES;
				SDKROOT = iphoneos;
				SWIFT_ACTIVE_COMPILATION_CONDITIONS = DEBUG;
				SWIFT_OPTIMIZATION_LEVEL = "-Onone";
			};
			name = Debug;
		};
		648A9CD221B63B8D007D9532 /* Release */ = {
			isa = XCBuildConfiguration;
			buildSettings = {
				ALWAYS_SEARCH_USER_PATHS = NO;
				CLANG_ANALYZER_NONNULL = YES;
				CLANG_ANALYZER_NUMBER_OBJECT_CONVERSION = YES_AGGRESSIVE;
				CLANG_CXX_LANGUAGE_STANDARD = "gnu++14";
				CLANG_CXX_LIBRARY = "libc++";
				CLANG_ENABLE_MODULES = YES;
				CLANG_ENABLE_OBJC_ARC = YES;
				CLANG_ENABLE_OBJC_WEAK = YES;
				CLANG_WARN_BLOCK_CAPTURE_AUTORELEASING = YES;
				CLANG_WARN_BOOL_CONVERSION = YES;
				CLANG_WARN_COMMA = YES;
				CLANG_WARN_CONSTANT_CONVERSION = YES;
				CLANG_WARN_DEPRECATED_OBJC_IMPLEMENTATIONS = YES;
				CLANG_WARN_DIRECT_OBJC_ISA_USAGE = YES_ERROR;
				CLANG_WARN_DOCUMENTATION_COMMENTS = YES;
				CLANG_WARN_EMPTY_BODY = YES;
				CLANG_WARN_ENUM_CONVERSION = YES;
				CLANG_WARN_INFINITE_RECURSION = YES;
				CLANG_WARN_INT_CONVERSION = YES;
				CLANG_WARN_NON_LITERAL_NULL_CONVERSION = YES;
				CLANG_WARN_OBJC_IMPLICIT_RETAIN_SELF = YES;
				CLANG_WARN_OBJC_LITERAL_CONVERSION = YES;
				CLANG_WARN_OBJC_ROOT_CLASS = YES_ERROR;
				CLANG_WARN_RANGE_LOOP_ANALYSIS = YES;
				CLANG_WARN_STRICT_PROTOTYPES = YES;
				CLANG_WARN_SUSPICIOUS_MOVE = YES;
				CLANG_WARN_UNGUARDED_AVAILABILITY = YES_AGGRESSIVE;
				CLANG_WARN_UNREACHABLE_CODE = YES;
				CLANG_WARN__DUPLICATE_METHOD_MATCH = YES;
				CODE_SIGN_IDENTITY = "iPhone Developer";
				COPY_PHASE_STRIP = NO;
				DEBUG_INFORMATION_FORMAT = "dwarf-with-dsym";
				ENABLE_NS_ASSERTIONS = NO;
				ENABLE_STRICT_OBJC_MSGSEND = YES;
				GCC_C_LANGUAGE_STANDARD = gnu11;
				GCC_NO_COMMON_BLOCKS = YES;
				GCC_WARN_64_TO_32_BIT_CONVERSION = YES;
				GCC_WARN_ABOUT_RETURN_TYPE = YES_ERROR;
				GCC_WARN_UNDECLARED_SELECTOR = YES;
				GCC_WARN_UNINITIALIZED_AUTOS = YES_AGGRESSIVE;
				GCC_WARN_UNUSED_FUNCTION = YES;
				GCC_WARN_UNUSED_VARIABLE = YES;
				IPHONEOS_DEPLOYMENT_TARGET = 12.1;
				MTL_ENABLE_DEBUG_INFO = NO;
				MTL_FAST_MATH = YES;
				SDKROOT = iphoneos;
				SWIFT_COMPILATION_MODE = wholemodule;
				SWIFT_OPTIMIZATION_LEVEL = "-O";
				VALIDATE_PRODUCT = YES;
			};
			name = Release;
		};
		648A9CD421B63B8D007D9532 /* Debug */ = {
			isa = XCBuildConfiguration;
			buildSettings = {
				ASSETCATALOG_COMPILER_APPICON_NAME = AppIcon;
				CODE_SIGN_STYLE = Automatic;
				INFOPLIST_FILE = InAir_Dust/Info.plist;
				LD_RUNPATH_SEARCH_PATHS = (
					"$(inherited)",
					"@executable_path/Frameworks",
				);
				PRODUCT_BUNDLE_IDENTIFIER = "Test.InAir-Dust";
				PRODUCT_NAME = "$(TARGET_NAME)";
				SWIFT_VERSION = 4.2;
				TARGETED_DEVICE_FAMILY = "1,2";
			};
			name = Debug;
		};
		648A9CD521B63B8D007D9532 /* Release */ = {
			isa = XCBuildConfiguration;
			buildSettings = {
				ASSETCATALOG_COMPILER_APPICON_NAME = AppIcon;
				CODE_SIGN_STYLE = Automatic;
				INFOPLIST_FILE = InAir_Dust/Info.plist;
				LD_RUNPATH_SEARCH_PATHS = (
					"$(inherited)",
					"@executable_path/Frameworks",
				);
				PRODUCT_BUNDLE_IDENTIFIER = "Test.InAir-Dust";
				PRODUCT_NAME = "$(TARGET_NAME)";
				SWIFT_VERSION = 4.2;
				TARGETED_DEVICE_FAMILY = "1,2";
			};
			name = Release;
		};
/* End XCBuildConfiguration section */

/* Begin XCConfigurationList section */
		648A9CBC21B63B89007D9532 /* Build configuration list for PBXProject "InAir_Dust" */ = {
			isa = XCConfigurationList;
			buildConfigurations = (
				648A9CD121B63B8D007D9532 /* Debug */,
				648A9CD221B63B8D007D9532 /* Release */,
			);
			defaultConfigurationIsVisible = 0;
			defaultConfigurationName = Release;
		};
		648A9CD321B63B8D007D9532 /* Build configuration list for PBXNativeTarget "InAir_Dust" */ = {
			isa = XCConfigurationList;
			buildConfigurations = (
				648A9CD421B63B8D007D9532 /* Debug */,
				648A9CD521B63B8D007D9532 /* Release */,
			);
			defaultConfigurationIsVisible = 0;
			defaultConfigurationName = Release;
		};
/* End XCConfigurationList section */
	};
	rootObject = 648A9CB921B63B89007D9532 /* Project object */;
}
